{
  "originHash" : "a7a7f8c5fb1976a39bb0add4f9499dd6c294e0fcd2760993b435d824250d19c8",
  "pins" : [
    {
      "identity" : "ios-sdk",
      "kind" : "remoteSourceControl",
      "location" : "https://github.com/whereby/ios-sdk.git",
      "state" : {
        "revision" : "d2e13ccaa01a198a22389250bd908c6898a10457",
        "version" : "0.16.0"
      }
    }
  ],
  "version" : 3
}
