{
  "originHash" : "a7a7f8c5fb1976a39bb0add4f9499dd6c294e0fcd2760993b435d824250d19c8",
  "pins" : [
    {
      "identity" : "ios-sdk",
      "kind" : "remoteSourceControl",
      "location" : "https://github.com/whereby/ios-sdk.git",
      "state" : {
        "revision" : "e74beb3f38bb9b5bf79ef1d36aeb579c15bde840",
        "version" : "0.18.0"
      }
    }
  ],
  "version" : 3
}
